{
  "name": "hexo-site",
  "version": "0.0.0",
  "lockfileVersion": 1,
  "requires": true,
  "dependencies": {
    "hexo-theme-nexmoe": {
      "version": "2.5.4",
      "resolved": "https://registry.npm.taobao.org/hexo-theme-nexmoe/download/hexo-theme-nexmoe-2.5.4.tgz",
      "integrity": "sha1-XZYejVLDMuCMHCKFkHeWn93RKN4=",
      "requires": {
        "hexo-wordcount": "^6.0.1"
      }
    },
    "hexo-wordcount": {
      "version": "6.0.1",
      "resolved": "https://registry.npm.taobao.org/hexo-wordcount/download/hexo-wordcount-6.0.1.tgz",
      "integrity": "sha1-WmDvydPI5CGVby/WaDypSop5UmQ="
    }
  }
}
